
Microsoft Visual Studio Solution File, Format Version 12.00
# Visual Studio 15
VisualStudioVersion = 15.0.28307.1082
MinimumVisualStudioVersion = 10.0.40219.1
Project("{8BC9CEB8-8B4A-11D0-8D11-00A0C91BC942}") = "Capstone", "Capstone\Capstone.vcxproj", "{C49B9318-6C74-4FD4-9736-3CAE4824C482}"
EndProject
Global
	GlobalSection(SolutionConfigurationPlatforms) = preSolution
		Debug|x64 = Debug|x64
		Debug|x86 = Debug|x86
		Release|x64 = Release|x64
		Release|x86 = Release|x86
	EndGlobalSection
	GlobalSection(ProjectConfigurationPlatforms) = postSolution
		{C49B9318-6C74-4FD4-9736-3CAE4824C482}.Debug|x64.ActiveCfg = Debug|x64
		{C49B9318-6C74-4FD4-9736-3CAE4824C482}.Debug|x64.Build.0 = Debug|x64
		{C49B9318-6C74-4FD4-9736-3CAE4824C482}.Debug|x86.ActiveCfg = Debug|Win32
		{C49B9318-6C74-4FD4-9736-3CAE4824C482}.Debug|x86.Build.0 = Debug|Win32
		{C49B9318-6C74-4FD4-9736-3CAE4824C482}.Release|x64.ActiveCfg = Release|x64
		{C49B9318-6C74-4FD4-9736-3CAE4824C482}.Release|x64.Build.0 = Release|x64
		{C49B9318-6C74-4FD4-9736-3CAE4824C482}.Release|x86.ActiveCfg = Release|Win32
		{C49B9318-6C74-4FD4-9736-3CAE4824C482}.Release|x86.Build.0 = Release|Win32
	EndGlobalSection
	GlobalSection(SolutionProperties) = preSolution
		HideSolutionNode = FALSE
	EndGlobalSection
	GlobalSection(ExtensibilityGlobals) = postSolution
		SolutionGuid = {3C64CD6A-29C1-4686-8F32-1A7E8AB470A2}
	EndGlobalSection
EndGlobal
