
Microsoft Visual Studio Solution File, Format Version 12.00
# Visual Studio Version 16
VisualStudioVersion = 16.0.29920.165
MinimumVisualStudioVersion = 10.0.40219.1
Project("{8BC9CEB8-8B4A-11D0-8D11-00A0C91BC942}") = "PEInfo_v1", "PEInfo_v1\PEInfo_v1.vcxproj", "{B7ECCC55-DD5A-46F8-B207-C0511CDFA0C6}"
EndProject
Global
	GlobalSection(SolutionConfigurationPlatforms) = preSolution
		Debug|x86 = Debug|x86
		Release|x86 = Release|x86
	EndGlobalSection
	GlobalSection(ProjectConfigurationPlatforms) = postSolution
		{B7ECCC55-DD5A-46F8-B207-C0511CDFA0C6}.Debug|x86.ActiveCfg = Debug|Win32
		{B7ECCC55-DD5A-46F8-B207-C0511CDFA0C6}.Debug|x86.Build.0 = Debug|Win32
		{B7ECCC55-DD5A-46F8-B207-C0511CDFA0C6}.Release|x86.ActiveCfg = Release|Win32
		{B7ECCC55-DD5A-46F8-B207-C0511CDFA0C6}.Release|x86.Build.0 = Release|Win32
	EndGlobalSection
	GlobalSection(SolutionProperties) = preSolution
		HideSolutionNode = FALSE
	EndGlobalSection
	GlobalSection(ExtensibilityGlobals) = postSolution
		SolutionGuid = {6B275A4B-850C-4730-95C6-B5DDB5E4195D}
	EndGlobalSection
EndGlobal
